
Microsoft Visual Studio Solution File, Format Version 12.00
# Visual Studio Version 17
VisualStudioVersion = 17.6.33712.159
MinimumVisualStudioVersion = 10.0.40219.1
Project("{FAE04EC0-301F-11D3-BF4B-00C04F79EFBC}") = "WebAppLaba6", "WebAppLaba6.csproj", "{D03593F8-DB6F-4A42-B9A3-2379B3EFC4FA}"
EndProject
Global
	GlobalSection(SolutionConfigurationPlatforms) = preSolution
		Debug|Any CPU = Debug|Any CPU
		Release|Any CPU = Release|Any CPU
	EndGlobalSection
	GlobalSection(ProjectConfigurationPlatforms) = postSolution
		{D03593F8-DB6F-4A42-B9A3-2379B3EFC4FA}.Debug|Any CPU.ActiveCfg = Debug|Any CPU
		{D03593F8-DB6F-4A42-B9A3-2379B3EFC4FA}.Debug|Any CPU.Build.0 = Debug|Any CPU
		{D03593F8-DB6F-4A42-B9A3-2379B3EFC4FA}.Release|Any CPU.ActiveCfg = Release|Any CPU
		{D03593F8-DB6F-4A42-B9A3-2379B3EFC4FA}.Release|Any CPU.Build.0 = Release|Any CPU
	EndGlobalSection
	GlobalSection(SolutionProperties) = preSolution
		HideSolutionNode = FALSE
	EndGlobalSection
	GlobalSection(ExtensibilityGlobals) = postSolution
		SolutionGuid = {984CE625-3E4E-4CA2-B79B-EFCDCC3089E7}
	EndGlobalSection
EndGlobal
